
Microsoft Visual Studio Solution File, Format Version 12.00
# Visual Studio Version 16
VisualStudioVersion = 16.0.29306.81
MinimumVisualStudioVersion = 10.0.40219.1
Project("{FAE04EC0-301F-11D3-BF4B-00C04F79EFBC}") = "cSharpBasics", "cSharpBasics\cSharpBasics.csproj", "{9858BAEB-0D1F-473E-9EAB-F78201F86DD2}"
EndProject
Project("{FAE04EC0-301F-11D3-BF4B-00C04F79EFBC}") = "basicClasses", "basicClasses\basicClasses.csproj", "{6A28E21C-80CF-4E54-A01B-6740D6AB4978}"
EndProject
Project("{FAE04EC0-301F-11D3-BF4B-00C04F79EFBC}") = "BasicArrays", "BasicArrays\BasicArrays.csproj", "{46BF7AAB-B43D-4EFE-B27A-0D3141FEE648}"
EndProject
Project("{FAE04EC0-301F-11D3-BF4B-00C04F79EFBC}") = "BasicStrings", "BasicStrings\BasicStrings.csproj", "{370804FA-14C9-463E-851B-9F2A10C1A4E2}"
EndProject
Project("{2150E333-8FDC-42A3-9474-1A3956D46DE8}") = "Tipos NoPrimitivos", "Tipos NoPrimitivos", "{C0B3FB53-7E10-4EF5-89AB-753D2AA90427}"
EndProject
Project("{2150E333-8FDC-42A3-9474-1A3956D46DE8}") = "TIpos de Datos", "TIpos de Datos", "{82F23D1C-3C49-459C-8DE2-392996B24512}"
EndProject
Project("{2150E333-8FDC-42A3-9474-1A3956D46DE8}") = "Tipos Primitivos", "Tipos Primitivos", "{E4C67D43-98D7-4C1D-AAB7-6F87AA8EE586}"
EndProject
Project("{2150E333-8FDC-42A3-9474-1A3956D46DE8}") = "Estructuras de Control", "Estructuras de Control", "{D37D9607-E0AC-459A-86F6-93619DADDFAC}"
EndProject
Project("{FAE04EC0-301F-11D3-BF4B-00C04F79EFBC}") = "basicEnum", "basicEnum\basicEnum.csproj", "{43A0927F-A1BE-434E-BD72-6D438C32A8C4}"
EndProject
Global
	GlobalSection(SolutionConfigurationPlatforms) = preSolution
		Debug|Any CPU = Debug|Any CPU
		Release|Any CPU = Release|Any CPU
	EndGlobalSection
	GlobalSection(ProjectConfigurationPlatforms) = postSolution
		{9858BAEB-0D1F-473E-9EAB-F78201F86DD2}.Debug|Any CPU.ActiveCfg = Debug|Any CPU
		{9858BAEB-0D1F-473E-9EAB-F78201F86DD2}.Debug|Any CPU.Build.0 = Debug|Any CPU
		{9858BAEB-0D1F-473E-9EAB-F78201F86DD2}.Release|Any CPU.ActiveCfg = Release|Any CPU
		{9858BAEB-0D1F-473E-9EAB-F78201F86DD2}.Release|Any CPU.Build.0 = Release|Any CPU
		{6A28E21C-80CF-4E54-A01B-6740D6AB4978}.Debug|Any CPU.ActiveCfg = Debug|Any CPU
		{6A28E21C-80CF-4E54-A01B-6740D6AB4978}.Debug|Any CPU.Build.0 = Debug|Any CPU
		{6A28E21C-80CF-4E54-A01B-6740D6AB4978}.Release|Any CPU.ActiveCfg = Release|Any CPU
		{6A28E21C-80CF-4E54-A01B-6740D6AB4978}.Release|Any CPU.Build.0 = Release|Any CPU
		{46BF7AAB-B43D-4EFE-B27A-0D3141FEE648}.Debug|Any CPU.ActiveCfg = Debug|Any CPU
		{46BF7AAB-B43D-4EFE-B27A-0D3141FEE648}.Debug|Any CPU.Build.0 = Debug|Any CPU
		{46BF7AAB-B43D-4EFE-B27A-0D3141FEE648}.Release|Any CPU.ActiveCfg = Release|Any CPU
		{46BF7AAB-B43D-4EFE-B27A-0D3141FEE648}.Release|Any CPU.Build.0 = Release|Any CPU
		{370804FA-14C9-463E-851B-9F2A10C1A4E2}.Debug|Any CPU.ActiveCfg = Debug|Any CPU
		{370804FA-14C9-463E-851B-9F2A10C1A4E2}.Debug|Any CPU.Build.0 = Debug|Any CPU
		{370804FA-14C9-463E-851B-9F2A10C1A4E2}.Release|Any CPU.ActiveCfg = Release|Any CPU
		{370804FA-14C9-463E-851B-9F2A10C1A4E2}.Release|Any CPU.Build.0 = Release|Any CPU
		{43A0927F-A1BE-434E-BD72-6D438C32A8C4}.Debug|Any CPU.ActiveCfg = Debug|Any CPU
		{43A0927F-A1BE-434E-BD72-6D438C32A8C4}.Debug|Any CPU.Build.0 = Debug|Any CPU
		{43A0927F-A1BE-434E-BD72-6D438C32A8C4}.Release|Any CPU.ActiveCfg = Release|Any CPU
		{43A0927F-A1BE-434E-BD72-6D438C32A8C4}.Release|Any CPU.Build.0 = Release|Any CPU
	EndGlobalSection
	GlobalSection(SolutionProperties) = preSolution
		HideSolutionNode = FALSE
	EndGlobalSection
	GlobalSection(NestedProjects) = preSolution
		{9858BAEB-0D1F-473E-9EAB-F78201F86DD2} = {C0B3FB53-7E10-4EF5-89AB-753D2AA90427}
		{6A28E21C-80CF-4E54-A01B-6740D6AB4978} = {C0B3FB53-7E10-4EF5-89AB-753D2AA90427}
		{46BF7AAB-B43D-4EFE-B27A-0D3141FEE648} = {C0B3FB53-7E10-4EF5-89AB-753D2AA90427}
		{370804FA-14C9-463E-851B-9F2A10C1A4E2} = {C0B3FB53-7E10-4EF5-89AB-753D2AA90427}
		{C0B3FB53-7E10-4EF5-89AB-753D2AA90427} = {82F23D1C-3C49-459C-8DE2-392996B24512}
		{E4C67D43-98D7-4C1D-AAB7-6F87AA8EE586} = {82F23D1C-3C49-459C-8DE2-392996B24512}
		{43A0927F-A1BE-434E-BD72-6D438C32A8C4} = {C0B3FB53-7E10-4EF5-89AB-753D2AA90427}
	EndGlobalSection
	GlobalSection(ExtensibilityGlobals) = postSolution
		SolutionGuid = {F4486093-65B1-41E5-95AA-7C669CEAFC1C}
	EndGlobalSection
EndGlobal
